
Microsoft Visual Studio Solution File, Format Version 11.00
# Visual Studio 2010
Project("{E24C65DC-7377-472B-9ABA-BC803B73C61A}") = "WCFOperaciones", "..\..\WebSites\WCFOperaciones\", "{CFD9B29A-655C-4634-A3CC-812211DF5A6B}"
	ProjectSection(WebsiteProperties) = preProject
		TargetFrameworkMoniker = ".NETFramework,Version%3Dv4.0"
		Debug.AspNetCompiler.VirtualPath = "/WCFOperaciones"
		Debug.AspNetCompiler.PhysicalPath = "..\..\WebSites\WCFOperaciones\"
		Debug.AspNetCompiler.TargetPath = "PrecompiledWeb\WCFOperaciones\"
		Debug.AspNetCompiler.Updateable = "true"
		Debug.AspNetCompiler.ForceOverwrite = "true"
		Debug.AspNetCompiler.FixedNames = "false"
		Debug.AspNetCompiler.Debug = "True"
		Release.AspNetCompiler.VirtualPath = "/WCFOperaciones"
		Release.AspNetCompiler.PhysicalPath = "..\..\WebSites\WCFOperaciones\"
		Release.AspNetCompiler.TargetPath = "PrecompiledWeb\WCFOperaciones\"
		Release.AspNetCompiler.Updateable = "true"
		Release.AspNetCompiler.ForceOverwrite = "true"
		Release.AspNetCompiler.FixedNames = "false"
		Release.AspNetCompiler.Debug = "False"
		VWDPort = "59381"
		DefaultWebSiteLanguage = "Visual C#"
	EndProjectSection
EndProject
Global
	GlobalSection(SolutionConfigurationPlatforms) = preSolution
		Debug|Any CPU = Debug|Any CPU
	EndGlobalSection
	GlobalSection(ProjectConfigurationPlatforms) = postSolution
		{CFD9B29A-655C-4634-A3CC-812211DF5A6B}.Debug|Any CPU.ActiveCfg = Debug|Any CPU
		{CFD9B29A-655C-4634-A3CC-812211DF5A6B}.Debug|Any CPU.Build.0 = Debug|Any CPU
	EndGlobalSection
	GlobalSection(SolutionProperties) = preSolution
		HideSolutionNode = FALSE
	EndGlobalSection
EndGlobal
